
Microsoft Visual Studio Solution File, Format Version 12.00
# Visual Studio Version 17
VisualStudioVersion = 17.13.35931.197
MinimumVisualStudioVersion = 10.0.40219.1
Project("{FAE04EC0-301F-11D3-BF4B-00C04F79EFBC}") = "vomark", "vomark.csproj", "{A273B1D8-6D28-43EB-89F5-7481DE7152BA}"
EndProject
Project("{FAE04EC0-301F-11D3-BF4B-00C04F79EFBC}") = "vomarktests", "..\vomarktests\vomarktests.csproj", "{C4D705DF-01A7-4A0E-A4FD-9955FF54B38B}"
EndProject
Global
	GlobalSection(SolutionConfigurationPlatforms) = preSolution
		Debug|Any CPU = Debug|Any CPU
		Release|Any CPU = Release|Any CPU
	EndGlobalSection
	GlobalSection(ProjectConfigurationPlatforms) = postSolution
		{A273B1D8-6D28-43EB-89F5-7481DE7152BA}.Debug|Any CPU.ActiveCfg = Debug|Any CPU
		{A273B1D8-6D28-43EB-89F5-7481DE7152BA}.Debug|Any CPU.Build.0 = Debug|Any CPU
		{A273B1D8-6D28-43EB-89F5-7481DE7152BA}.Release|Any CPU.ActiveCfg = Debug|Any CPU
		{A273B1D8-6D28-43EB-89F5-7481DE7152BA}.Release|Any CPU.Build.0 = Debug|Any CPU
		{C4D705DF-01A7-4A0E-A4FD-9955FF54B38B}.Debug|Any CPU.ActiveCfg = Debug|Any CPU
		{C4D705DF-01A7-4A0E-A4FD-9955FF54B38B}.Debug|Any CPU.Build.0 = Debug|Any CPU
		{C4D705DF-01A7-4A0E-A4FD-9955FF54B38B}.Release|Any CPU.ActiveCfg = Debug|Any CPU
		{C4D705DF-01A7-4A0E-A4FD-9955FF54B38B}.Release|Any CPU.Build.0 = Debug|Any CPU
	EndGlobalSection
	GlobalSection(SolutionProperties) = preSolution
		HideSolutionNode = FALSE
	EndGlobalSection
	GlobalSection(ExtensibilityGlobals) = postSolution
		SolutionGuid = {CC68D342-36F0-488E-AE96-C60340686EFE}
	EndGlobalSection
EndGlobal
